<?xml version="1.0" encoding="utf-8"?>
<Project ToolsVersion="17.0" xmlns="http://schemas.microsoft.com/developer/msbuild/2003">
  <ItemGroup>
    <ClCompile Include="$(ProjectDir)\src\CronClock.cpp" />
    <ClCompile Include="$(ProjectDir)\src\CronData.cpp" />
    <ClCompile Include="$(ProjectDir)\src\CronRandomization.cpp" />
    <ClCompile Include="$(ProjectDir)\src\CronSchedule.cpp" />
    <ClCompile Include="$(ProjectDir)\src\Task.cpp" />
  </ItemGroup>
  <ItemGroup>
    <ClInclude Include="$(ProjectDir)\include\libcron\Cron.h" />
    <ClInclude Include="$(ProjectDir)\include\libcron\CronClock.h" />
    <ClInclude Include="$(ProjectDir)\include\libcron\CronData.h" />
    <ClInclude Include="$(ProjectDir)\include\libcron\CronRandomization.h" />
    <ClInclude Include="$(ProjectDir)\include\libcron\CronSchedule.h" />
    <ClInclude Include="$(ProjectDir)\include\libcron\DateTime.h" />
    <ClInclude Include="$(ProjectDir)\include\libcron\Task.h" />
    <ClInclude Include="$(ProjectDir)\include\libcron\TimeTypes.h" />
  </ItemGroup>
  <ItemGroup>
    <Filter Include="Header Files">
      <UniqueIdentifier>{5FEE02CF-659A-3127-9775-FFB11E9AE8BB}</UniqueIdentifier>
    </Filter>
    <Filter Include="Source Files">
      <UniqueIdentifier>{4108BB09-8290-33C8-B8B1-7E0EA2C340F7}</UniqueIdentifier>
    </Filter>
  </ItemGroup>
</Project>